// !$*UTF8*$!
{
	archiveVersion = 1;
	classes = {
	};
	objectVersion = 46;
	objects = {

/* Begin PBXBuildFile section */
		A3B3051B1F88EACF005B92C8 /* AppDelegate.swift in Sources */ = {isa = PBXBuildFile; fileRef = A3B3051A1F88EACF005B92C8 /* AppDelegate.swift */; };
		A3B3051D1F88EACF005B92C8 /* MainVC.swift in Sources */ = {isa = PBXBuildFile; fileRef = A3B3051C1F88EACF005B92C8 /* MainVC.swift */; };
		A3B305201F88EACF005B92C8 /* Main.storyboard in Resources */ = {isa = PBXBuildFile; fileRef = A3B3051E1F88EACF005B92C8 /* Main.storyboard */; };
		A3B305251F88EACF005B92C8 /* Assets.xcassets in Resources */ = {isa = PBXBuildFile; fileRef = A3B305241F88EACF005B92C8 /* Assets.xcassets */; };
		A3B305281F88EACF005B92C8 /* LaunchScreen.storyboard in Resources */ = {isa = PBXBuildFile; fileRef = A3B305261F88EACF005B92C8 /* LaunchScreen.storyboard */; };
		A3B3054B1F88F4C6005B92C8 /* Model.xcdatamodeld in Sources */ = {isa = PBXBuildFile; fileRef = A3B305491F88F4C6005B92C8 /* Model.xcdatamodeld */; };
		A3DDAA701F8A3C100073C992 /* Store+CoreDataClass.swift in Sources */ = {isa = PBXBuildFile; fileRef = A3DDAA681F8A3C100073C992 /* Store+CoreDataClass.swift */; };
		A3DDAA711F8A3C100073C992 /* Store+CoreDataProperties.swift in Sources */ = {isa = PBXBuildFile; fileRef = A3DDAA691F8A3C100073C992 /* Store+CoreDataProperties.swift */; };
		A3DDAA721F8A3C100073C992 /* Image+CoreDataClass.swift in Sources */ = {isa = PBXBuildFile; fileRef = A3DDAA6A1F8A3C100073C992 /* Image+CoreDataClass.swift */; };
		A3DDAA731F8A3C100073C992 /* Image+CoreDataProperties.swift in Sources */ = {isa = PBXBuildFile; fileRef = A3DDAA6B1F8A3C100073C992 /* Image+CoreDataProperties.swift */; };
		A3DDAA741F8A3C100073C992 /* ItemType+CoreDataClass.swift in Sources */ = {isa = PBXBuildFile; fileRef = A3DDAA6C1F8A3C100073C992 /* ItemType+CoreDataClass.swift */; };
		A3DDAA751F8A3C100073C992 /* ItemType+CoreDataProperties.swift in Sources */ = {isa = PBXBuildFile; fileRef = A3DDAA6D1F8A3C100073C992 /* ItemType+CoreDataProperties.swift */; };
		A3DDAA761F8A3C100073C992 /* Item+CoreDataClass.swift in Sources */ = {isa = PBXBuildFile; fileRef = A3DDAA6E1F8A3C100073C992 /* Item+CoreDataClass.swift */; };
		A3DDAA771F8A3C100073C992 /* Item+CoreDataProperties.swift in Sources */ = {isa = PBXBuildFile; fileRef = A3DDAA6F1F8A3C100073C992 /* Item+CoreDataProperties.swift */; };
		A3DDAA7A1F8A46A80073C992 /* MaterialView.swift in Sources */ = {isa = PBXBuildFile; fileRef = A3DDAA791F8A46A80073C992 /* MaterialView.swift */; };
		A3DDAA7C1F8A4A1F0073C992 /* ItemCell.swift in Sources */ = {isa = PBXBuildFile; fileRef = A3DDAA7B1F8A4A1F0073C992 /* ItemCell.swift */; };
		A3DDAA7F1F8A5FBC0073C992 /* ItemDetailsVC.swift in Sources */ = {isa = PBXBuildFile; fileRef = A3DDAA7E1F8A5FBC0073C992 /* ItemDetailsVC.swift */; };
		A3DDAA811F8A637E0073C992 /* CustomTextField.swift in Sources */ = {isa = PBXBuildFile; fileRef = A3DDAA801F8A637E0073C992 /* CustomTextField.swift */; };
/* End PBXBuildFile section */

/* Begin PBXFileReference section */
		A3B305171F88EACE005B92C8 /* DreamLister.app */ = {isa = PBXFileReference; explicitFileType = wrapper.application; includeInIndex = 0; path = DreamLister.app; sourceTree = BUILT_PRODUCTS_DIR; };
		A3B3051A1F88EACF005B92C8 /* AppDelegate.swift */ = {isa = PBXFileReference; lastKnownFileType = sourcecode.swift; path = AppDelegate.swift; sourceTree = "<group>"; };
		A3B3051C1F88EACF005B92C8 /* MainVC.swift */ = {isa = PBXFileReference; lastKnownFileType = sourcecode.swift; path = MainVC.swift; sourceTree = "<group>"; };
		A3B3051F1F88EACF005B92C8 /* Base */ = {isa = PBXFileReference; lastKnownFileType = file.storyboard; name = Base; path = Base.lproj/Main.storyboard; sourceTree = "<group>"; };
		A3B305241F88EACF005B92C8 /* Assets.xcassets */ = {isa = PBXFileReference; lastKnownFileType = folder.assetcatalog; path = Assets.xcassets; sourceTree = "<group>"; };
		A3B305271F88EACF005B92C8 /* Base */ = {isa = PBXFileReference; lastKnownFileType = file.storyboard; name = Base; path = Base.lproj/LaunchScreen.storyboard; sourceTree = "<group>"; };
		A3B305291F88EACF005B92C8 /* Info.plist */ = {isa = PBXFileReference; lastKnownFileType = text.plist.xml; path = Info.plist; sourceTree = "<group>"; };
		A3B3054A1F88F4C6005B92C8 /* Model.xcdatamodel */ = {isa = PBXFileReference; lastKnownFileType = wrapper.xcdatamodel; path = Model.xcdatamodel; sourceTree = "<group>"; };
		A3DDAA681F8A3C100073C992 /* Store+CoreDataClass.swift */ = {isa = PBXFileReference; fileEncoding = 4; lastKnownFileType = sourcecode.swift; path = "Store+CoreDataClass.swift"; sourceTree = "<group>"; };
		A3DDAA691F8A3C100073C992 /* Store+CoreDataProperties.swift */ = {isa = PBXFileReference; fileEncoding = 4; lastKnownFileType = sourcecode.swift; path = "Store+CoreDataProperties.swift"; sourceTree = "<group>"; };
		A3DDAA6A1F8A3C100073C992 /* Image+CoreDataClass.swift */ = {isa = PBXFileReference; fileEncoding = 4; lastKnownFileType = sourcecode.swift; path = "Image+CoreDataClass.swift"; sourceTree = "<group>"; };
		A3DDAA6B1F8A3C100073C992 /* Image+CoreDataProperties.swift */ = {isa = PBXFileReference; fileEncoding = 4; lastKnownFileType = sourcecode.swift; path = "Image+CoreDataProperties.swift"; sourceTree = "<group>"; };
		A3DDAA6C1F8A3C100073C992 /* ItemType+CoreDataClass.swift */ = {isa = PBXFileReference; fileEncoding = 4; lastKnownFileType = sourcecode.swift; path = "ItemType+CoreDataClass.swift"; sourceTree = "<group>"; };
		A3DDAA6D1F8A3C100073C992 /* ItemType+CoreDataProperties.swift */ = {isa = PBXFileReference; fileEncoding = 4; lastKnownFileType = sourcecode.swift; path = "ItemType+CoreDataProperties.swift"; sourceTree = "<group>"; };
		A3DDAA6E1F8A3C100073C992 /* Item+CoreDataClass.swift */ = {isa = PBXFileReference; fileEncoding = 4; lastKnownFileType = sourcecode.swift; path = "Item+CoreDataClass.swift"; sourceTree = "<group>"; };
		A3DDAA6F1F8A3C100073C992 /* Item+CoreDataProperties.swift */ = {isa = PBXFileReference; fileEncoding = 4; lastKnownFileType = sourcecode.swift; path = "Item+CoreDataProperties.swift"; sourceTree = "<group>"; };
		A3DDAA791F8A46A80073C992 /* MaterialView.swift */ = {isa = PBXFileReference; fileEncoding = 4; lastKnownFileType = sourcecode.swift; path = MaterialView.swift; sourceTree = "<group>"; };
		A3DDAA7B1F8A4A1F0073C992 /* ItemCell.swift */ = {isa = PBXFileReference; fileEncoding = 4; lastKnownFileType = sourcecode.swift; path = ItemCell.swift; sourceTree = "<group>"; };
		A3DDAA7E1F8A5FBC0073C992 /* ItemDetailsVC.swift */ = {isa = PBXFileReference; fileEncoding = 4; lastKnownFileType = sourcecode.swift; path = ItemDetailsVC.swift; sourceTree = "<group>"; };
		A3DDAA801F8A637E0073C992 /* CustomTextField.swift */ = {isa = PBXFileReference; fileEncoding = 4; lastKnownFileType = sourcecode.swift; path = CustomTextField.swift; sourceTree = "<group>"; };
/* End PBXFileReference section */

/* Begin PBXFrameworksBuildPhase section */
		A3B305141F88EACE005B92C8 /* Frameworks */ = {
			isa = PBXFrameworksBuildPhase;
			buildActionMask = 2147483647;
			files = (
			);
			runOnlyForDeploymentPostprocessing = 0;
		};
/* End PBXFrameworksBuildPhase section */

/* Begin PBXGroup section */
		A3B3050E1F88EACE005B92C8 = {
			isa = PBXGroup;
			children = (
				A3B305191F88EACF005B92C8 /* DreamLister */,
				A3B305181F88EACF005B92C8 /* Products */,
			);
			sourceTree = "<group>";
		};
		A3B305181F88EACF005B92C8 /* Products */ = {
			isa = PBXGroup;
			children = (
				A3B305171F88EACE005B92C8 /* DreamLister.app */,
			);
			name = Products;
			sourceTree = "<group>";
		};
		A3B305191F88EACF005B92C8 /* DreamLister */ = {
			isa = PBXGroup;
			children = (
				A3DDAA7D1F8A5F920073C992 /* Controller */,
				A3DDAA781F8A46810073C992 /* View */,
				A3B3053F1F88EF50005B92C8 /* Model */,
				A3B3051A1F88EACF005B92C8 /* AppDelegate.swift */,
				A3B3051E1F88EACF005B92C8 /* Main.storyboard */,
				A3B305241F88EACF005B92C8 /* Assets.xcassets */,
				A3B305261F88EACF005B92C8 /* LaunchScreen.storyboard */,
				A3B305291F88EACF005B92C8 /* Info.plist */,
			);
			path = DreamLister;
			sourceTree = "<group>";
		};
		A3B3053F1F88EF50005B92C8 /* Model */ = {
			isa = PBXGroup;
			children = (
				A3DDAA6E1F8A3C100073C992 /* Item+CoreDataClass.swift */,
				A3DDAA6C1F8A3C100073C992 /* ItemType+CoreDataClass.swift */,
				A3DDAA6A1F8A3C100073C992 /* Image+CoreDataClass.swift */,
				A3DDAA681F8A3C100073C992 /* Store+CoreDataClass.swift */,
				A3B305491F88F4C6005B92C8 /* Model.xcdatamodeld */,
				A3B305401F88EF6A005B92C8 /* Genetared */,
			);
			name = Model;
			sourceTree = "<group>";
		};
		A3B305401F88EF6A005B92C8 /* Genetared */ = {
			isa = PBXGroup;
			children = (
				A3DDAA691F8A3C100073C992 /* Store+CoreDataProperties.swift */,
				A3DDAA6B1F8A3C100073C992 /* Image+CoreDataProperties.swift */,
				A3DDAA6D1F8A3C100073C992 /* ItemType+CoreDataProperties.swift */,
				A3DDAA6F1F8A3C100073C992 /* Item+CoreDataProperties.swift */,
			);
			name = Genetared;
			sourceTree = "<group>";
		};
		A3DDAA781F8A46810073C992 /* View */ = {
			isa = PBXGroup;
			children = (
				A3DDAA801F8A637E0073C992 /* CustomTextField.swift */,
				A3DDAA7B1F8A4A1F0073C992 /* ItemCell.swift */,
				A3DDAA791F8A46A80073C992 /* MaterialView.swift */,
			);
			name = View;
			sourceTree = "<group>";
		};
		A3DDAA7D1F8A5F920073C992 /* Controller */ = {
			isa = PBXGroup;
			children = (
				A3B3051C1F88EACF005B92C8 /* MainVC.swift */,
				A3DDAA7E1F8A5FBC0073C992 /* ItemDetailsVC.swift */,
			);
			name = Controller;
			sourceTree = "<group>";
		};
/* End PBXGroup section */

/* Begin PBXNativeTarget section */
		A3B305161F88EACE005B92C8 /* DreamLister */ = {
			isa = PBXNativeTarget;
			buildConfigurationList = A3B3052C1F88EACF005B92C8 /* Build configuration list for PBXNativeTarget "DreamLister" */;
			buildPhases = (
				A3B305131F88EACE005B92C8 /* Sources */,
				A3B305141F88EACE005B92C8 /* Frameworks */,
				A3B305151F88EACE005B92C8 /* Resources */,
			);
			buildRules = (
			);
			dependencies = (
			);
			name = DreamLister;
			productName = DreamLister;
			productReference = A3B305171F88EACE005B92C8 /* DreamLister.app */;
			productType = "com.apple.product-type.application";
		};
/* End PBXNativeTarget section */

/* Begin PBXProject section */
		A3B3050F1F88EACE005B92C8 /* Project object */ = {
			isa = PBXProject;
			attributes = {
				LastSwiftUpdateCheck = 0820;
				LastUpgradeCheck = 0820;
				ORGANIZATIONNAME = "IT-4-ALL";
				TargetAttributes = {
					A3B305161F88EACE005B92C8 = {
						CreatedOnToolsVersion = 8.2.1;
						DevelopmentTeam = 85DYH4RFDN;
						ProvisioningStyle = Automatic;
					};
				};
			};
			buildConfigurationList = A3B305121F88EACE005B92C8 /* Build configuration list for PBXProject "DreamLister" */;
			compatibilityVersion = "Xcode 3.2";
			developmentRegion = English;
			hasScannedForEncodings = 0;
			knownRegions = (
				en,
				Base,
			);
			mainGroup = A3B3050E1F88EACE005B92C8;
			productRefGroup = A3B305181F88EACF005B92C8 /* Products */;
			projectDirPath = "";
			projectRoot = "";
			targets = (
				A3B305161F88EACE005B92C8 /* DreamLister */,
			);
		};
/* End PBXProject section */

/* Begin PBXResourcesBuildPhase section */
		A3B305151F88EACE005B92C8 /* Resources */ = {
			isa = PBXResourcesBuildPhase;
			buildActionMask = 2147483647;
			files = (
				A3B305281F88EACF005B92C8 /* LaunchScreen.storyboard in Resources */,
				A3B305251F88EACF005B92C8 /* Assets.xcassets in Resources */,
				A3B305201F88EACF005B92C8 /* Main.storyboard in Resources */,
			);
			runOnlyForDeploymentPostprocessing = 0;
		};
/* End PBXResourcesBuildPhase section */

/* Begin PBXSourcesBuildPhase section */
		A3B305131F88EACE005B92C8 /* Sources */ = {
			isa = PBXSourcesBuildPhase;
			buildActionMask = 2147483647;
			files = (
				A3DDAA7C1F8A4A1F0073C992 /* ItemCell.swift in Sources */,
				A3DDAA741F8A3C100073C992 /* ItemType+CoreDataClass.swift in Sources */,
				A3B3054B1F88F4C6005B92C8 /* Model.xcdatamodeld in Sources */,
				A3DDAA711F8A3C100073C992 /* Store+CoreDataProperties.swift in Sources */,
				A3DDAA7A1F8A46A80073C992 /* MaterialView.swift in Sources */,
				A3DDAA761F8A3C100073C992 /* Item+CoreDataClass.swift in Sources */,
				A3B3051D1F88EACF005B92C8 /* MainVC.swift in Sources */,
				A3DDAA701F8A3C100073C992 /* Store+CoreDataClass.swift in Sources */,
				A3DDAA7F1F8A5FBC0073C992 /* ItemDetailsVC.swift in Sources */,
				A3DDAA771F8A3C100073C992 /* Item+CoreDataProperties.swift in Sources */,
				A3B3051B1F88EACF005B92C8 /* AppDelegate.swift in Sources */,
				A3DDAA751F8A3C100073C992 /* ItemType+CoreDataProperties.swift in Sources */,
				A3DDAA721F8A3C100073C992 /* Image+CoreDataClass.swift in Sources */,
				A3DDAA731F8A3C100073C992 /* Image+CoreDataProperties.swift in Sources */,
				A3DDAA811F8A637E0073C992 /* CustomTextField.swift in Sources */,
			);
			runOnlyForDeploymentPostprocessing = 0;
		};
/* End PBXSourcesBuildPhase section */

/* Begin PBXVariantGroup section */
		A3B3051E1F88EACF005B92C8 /* Main.storyboard */ = {
			isa = PBXVariantGroup;
			children = (
				A3B3051F1F88EACF005B92C8 /* Base */,
			);
			name = Main.storyboard;
			sourceTree = "<group>";
		};
		A3B305261F88EACF005B92C8 /* LaunchScreen.storyboard */ = {
			isa = PBXVariantGroup;
			children = (
				A3B305271F88EACF005B92C8 /* Base */,
			);
			name = LaunchScreen.storyboard;
			sourceTree = "<group>";
		};
/* End PBXVariantGroup section */

/* Begin XCBuildConfiguration section */
		A3B3052A1F88EACF005B92C8 /* Debug */ = {
			isa = XCBuildConfiguration;
			buildSettings = {
				ALWAYS_SEARCH_USER_PATHS = NO;
				CLANG_ANALYZER_NONNULL = YES;
				CLANG_CXX_LANGUAGE_STANDARD = "gnu++0x";
				CLANG_CXX_LIBRARY = "libc++";
				CLANG_ENABLE_MODULES = YES;
				CLANG_ENABLE_OBJC_ARC = YES;
				CLANG_WARN_BOOL_CONVERSION = YES;
				CLANG_WARN_CONSTANT_CONVERSION = YES;
				CLANG_WARN_DIRECT_OBJC_ISA_USAGE = YES_ERROR;
				CLANG_WARN_DOCUMENTATION_COMMENTS = YES;
				CLANG_WARN_EMPTY_BODY = YES;
				CLANG_WARN_ENUM_CONVERSION = YES;
				CLANG_WARN_INFINITE_RECURSION = YES;
				CLANG_WARN_INT_CONVERSION = YES;
				CLANG_WARN_OBJC_ROOT_CLASS = YES_ERROR;
				CLANG_WARN_SUSPICIOUS_MOVE = YES;
				CLANG_WARN_UNREACHABLE_CODE = YES;
				CLANG_WARN__DUPLICATE_METHOD_MATCH = YES;
				"CODE_SIGN_IDENTITY[sdk=iphoneos*]" = "iPhone Developer";
				COPY_PHASE_STRIP = NO;
				DEBUG_INFORMATION_FORMAT = dwarf;
				ENABLE_STRICT_OBJC_MSGSEND = YES;
				ENABLE_TESTABILITY = YES;
				GCC_C_LANGUAGE_STANDARD = gnu99;
				GCC_DYNAMIC_NO_PIC = NO;
				GCC_NO_COMMON_BLOCKS = YES;
				GCC_OPTIMIZATION_LEVEL = 0;
				GCC_PREPROCESSOR_DEFINITIONS = (
					"DEBUG=1",
					"$(inherited)",
				);
				GCC_WARN_64_TO_32_BIT_CONVERSION = YES;
				GCC_WARN_ABOUT_RETURN_TYPE = YES_ERROR;
				GCC_WARN_UNDECLARED_SELECTOR = YES;
				GCC_WARN_UNINITIALIZED_AUTOS = YES_AGGRESSIVE;
				GCC_WARN_UNUSED_FUNCTION = YES;
				GCC_WARN_UNUSED_VARIABLE = YES;
				IPHONEOS_DEPLOYMENT_TARGET = 10.2;
				MTL_ENABLE_DEBUG_INFO = YES;
				ONLY_ACTIVE_ARCH = YES;
				SDKROOT = iphoneos;
				SWIFT_ACTIVE_COMPILATION_CONDITIONS = DEBUG;
				SWIFT_OPTIMIZATION_LEVEL = "-Onone";
				TARGETED_DEVICE_FAMILY = "1,2";
			};
			name = Debug;
		};
		A3B3052B1F88EACF005B92C8 /* Release */ = {
			isa = XCBuildConfiguration;
			buildSettings = {
				ALWAYS_SEARCH_USER_PATHS = NO;
				CLANG_ANALYZER_NONNULL = YES;
				CLANG_CXX_LANGUAGE_STANDARD = "gnu++0x";
				CLANG_CXX_LIBRARY = "libc++";
				CLANG_ENABLE_MODULES = YES;
				CLANG_ENABLE_OBJC_ARC = YES;
				CLANG_WARN_BOOL_CONVERSION = YES;
				CLANG_WARN_CONSTANT_CONVERSION = YES;
				CLANG_WARN_DIRECT_OBJC_ISA_USAGE = YES_ERROR;
				CLANG_WARN_DOCUMENTATION_COMMENTS = YES;
				CLANG_WARN_EMPTY_BODY = YES;
				CLANG_WARN_ENUM_CONVERSION = YES;
				CLANG_WARN_INFINITE_RECURSION = YES;
				CLANG_WARN_INT_CONVERSION = YES;
				CLANG_WARN_OBJC_ROOT_CLASS = YES_ERROR;
				CLANG_WARN_SUSPICIOUS_MOVE = YES;
				CLANG_WARN_UNREACHABLE_CODE = YES;
				CLANG_WARN__DUPLICATE_METHOD_MATCH = YES;
				"CODE_SIGN_IDENTITY[sdk=iphoneos*]" = "iPhone Developer";
				COPY_PHASE_STRIP = NO;
				DEBUG_INFORMATION_FORMAT = "dwarf-with-dsym";
				ENABLE_NS_ASSERTIONS = NO;
				ENABLE_STRICT_OBJC_MSGSEND = YES;
				GCC_C_LANGUAGE_STANDARD = gnu99;
				GCC_NO_COMMON_BLOCKS = YES;
				GCC_WARN_64_TO_32_BIT_CONVERSION = YES;
				GCC_WARN_ABOUT_RETURN_TYPE = YES_ERROR;
				GCC_WARN_UNDECLARED_SELECTOR = YES;
				GCC_WARN_UNINITIALIZED_AUTOS = YES_AGGRESSIVE;
				GCC_WARN_UNUSED_FUNCTION = YES;
				GCC_WARN_UNUSED_VARIABLE = YES;
				IPHONEOS_DEPLOYMENT_TARGET = 10.2;
				MTL_ENABLE_DEBUG_INFO = NO;
				SDKROOT = iphoneos;
				SWIFT_OPTIMIZATION_LEVEL = "-Owholemodule";
				TARGETED_DEVICE_FAMILY = "1,2";
				VALIDATE_PRODUCT = YES;
			};
			name = Release;
		};
		A3B3052D1F88EACF005B92C8 /* Debug */ = {
			isa = XCBuildConfiguration;
			buildSettings = {
				ASSETCATALOG_COMPILER_APPICON_NAME = AppIcon;
				DEVELOPMENT_TEAM = 85DYH4RFDN;
				INFOPLIST_FILE = DreamLister/Info.plist;
				LD_RUNPATH_SEARCH_PATHS = "$(inherited) @executable_path/Frameworks";
				PRODUCT_BUNDLE_IDENTIFIER = Ricardo.Lousada.DreamLister;
				PRODUCT_NAME = "$(TARGET_NAME)";
				SWIFT_VERSION = 3.0;
			};
			name = Debug;
		};
		A3B3052E1F88EACF005B92C8 /* Release */ = {
			isa = XCBuildConfiguration;
			buildSettings = {
				ASSETCATALOG_COMPILER_APPICON_NAME = AppIcon;
				DEVELOPMENT_TEAM = 85DYH4RFDN;
				INFOPLIST_FILE = DreamLister/Info.plist;
				LD_RUNPATH_SEARCH_PATHS = "$(inherited) @executable_path/Frameworks";
				PRODUCT_BUNDLE_IDENTIFIER = Ricardo.Lousada.DreamLister;
				PRODUCT_NAME = "$(TARGET_NAME)";
				SWIFT_VERSION = 3.0;
			};
			name = Release;
		};
/* End XCBuildConfiguration section */

/* Begin XCConfigurationList section */
		A3B305121F88EACE005B92C8 /* Build configuration list for PBXProject "DreamLister" */ = {
			isa = XCConfigurationList;
			buildConfigurations = (
				A3B3052A1F88EACF005B92C8 /* Debug */,
				A3B3052B1F88EACF005B92C8 /* Release */,
			);
			defaultConfigurationIsVisible = 0;
			defaultConfigurationName = Release;
		};
		A3B3052C1F88EACF005B92C8 /* Build configuration list for PBXNativeTarget "DreamLister" */ = {
			isa = XCConfigurationList;
			buildConfigurations = (
				A3B3052D1F88EACF005B92C8 /* Debug */,
				A3B3052E1F88EACF005B92C8 /* Release */,
			);
			defaultConfigurationIsVisible = 0;
			defaultConfigurationName = Release;
		};
/* End XCConfigurationList section */

/* Begin XCVersionGroup section */
		A3B305491F88F4C6005B92C8 /* Model.xcdatamodeld */ = {
			isa = XCVersionGroup;
			children = (
				A3B3054A1F88F4C6005B92C8 /* Model.xcdatamodel */,
			);
			currentVersion = A3B3054A1F88F4C6005B92C8 /* Model.xcdatamodel */;
			path = Model.xcdatamodeld;
			sourceTree = "<group>";
			versionGroupType = wrapper.xcdatamodel;
		};
/* End XCVersionGroup section */
	};
	rootObject = A3B3050F1F88EACE005B92C8 /* Project object */;
}
